// !$*UTF8*$!
{
	archiveVersion = 1;
	classes = {
	};
	objectVersion = 50;
	objects = {

/* Begin PBXBuildFile section */
		26AFB0291AC1D22833085A81 /* Pods_ParstagramUITests.framework in Frameworks */ = {isa = PBXBuildFile; fileRef = 9230E254AA5D764BF86FFF32 /* Pods_ParstagramUITests.framework */; };
		6ACD57B2223D86820057716D /* AppDelegate.swift in Sources */ = {isa = PBXBuildFile; fileRef = 6ACD57B1223D86820057716D /* AppDelegate.swift */; };
		6ACD57B7223D86820057716D /* Main.storyboard in Resources */ = {isa = PBXBuildFile; fileRef = 6ACD57B5223D86820057716D /* Main.storyboard */; };
		6ACD57B9223D86840057716D /* Assets.xcassets in Resources */ = {isa = PBXBuildFile; fileRef = 6ACD57B8223D86840057716D /* Assets.xcassets */; };
		6ACD57BC223D86840057716D /* LaunchScreen.storyboard in Resources */ = {isa = PBXBuildFile; fileRef = 6ACD57BA223D86840057716D /* LaunchScreen.storyboard */; };
		6ACD57C7223D86840057716D /* ParstagramTests.swift in Sources */ = {isa = PBXBuildFile; fileRef = 6ACD57C6223D86840057716D /* ParstagramTests.swift */; };
		6ACD57D2223D86840057716D /* ParstagramUITests.swift in Sources */ = {isa = PBXBuildFile; fileRef = 6ACD57D1223D86840057716D /* ParstagramUITests.swift */; };
		6ACD57E0223D91EE0057716D /* LoginViewController.swift in Sources */ = {isa = PBXBuildFile; fileRef = 6ACD57DF223D91EE0057716D /* LoginViewController.swift */; };
		6ACD57E2223D92060057716D /* FeedViewController.swift in Sources */ = {isa = PBXBuildFile; fileRef = 6ACD57E1223D92060057716D /* FeedViewController.swift */; };
		6ACD57E4223DAB210057716D /* CameraViewController.swift in Sources */ = {isa = PBXBuildFile; fileRef = 6ACD57E3223DAB210057716D /* CameraViewController.swift */; };
		6ACD57E6223DCE640057716D /* PostCell.swift in Sources */ = {isa = PBXBuildFile; fileRef = 6ACD57E5223DCE640057716D /* PostCell.swift */; };
		71978FAFBE2BA83B96E7DB8E /* Pods_Parstagram.framework in Frameworks */ = {isa = PBXBuildFile; fileRef = AA46269C01462A3ACBD1C39C /* Pods_Parstagram.framework */; };
		F95513709F7720AB3180C7C0 /* Pods_ParstagramTests.framework in Frameworks */ = {isa = PBXBuildFile; fileRef = B43930B2F214666F7FEA111E /* Pods_ParstagramTests.framework */; };
/* End PBXBuildFile section */

/* Begin PBXContainerItemProxy section */
		6ACD57C3223D86840057716D /* PBXContainerItemProxy */ = {
			isa = PBXContainerItemProxy;
			containerPortal = 6ACD57A6223D86820057716D /* Project object */;
			proxyType = 1;
			remoteGlobalIDString = 6ACD57AD223D86820057716D;
			remoteInfo = Parstagram;
		};
		6ACD57CE223D86840057716D /* PBXContainerItemProxy */ = {
			isa = PBXContainerItemProxy;
			containerPortal = 6ACD57A6223D86820057716D /* Project object */;
			proxyType = 1;
			remoteGlobalIDString = 6ACD57AD223D86820057716D;
			remoteInfo = Parstagram;
		};
/* End PBXContainerItemProxy section */

/* Begin PBXFileReference section */
		150424E1215F1D6CC2F17F9A /* Pods-ParstagramUITests.release.xcconfig */ = {isa = PBXFileReference; includeInIndex = 1; lastKnownFileType = text.xcconfig; name = "Pods-ParstagramUITests.release.xcconfig"; path = "Pods/Target Support Files/Pods-ParstagramUITests/Pods-ParstagramUITests.release.xcconfig"; sourceTree = "<group>"; };
		1613B318026C3DC867D5C095 /* Pods-ParstagramTests.debug.xcconfig */ = {isa = PBXFileReference; includeInIndex = 1; lastKnownFileType = text.xcconfig; name = "Pods-ParstagramTests.debug.xcconfig"; path = "Pods/Target Support Files/Pods-ParstagramTests/Pods-ParstagramTests.debug.xcconfig"; sourceTree = "<group>"; };
		27284A00DBCE38A100B6B48D /* Pods-ParstagramTests.release.xcconfig */ = {isa = PBXFileReference; includeInIndex = 1; lastKnownFileType = text.xcconfig; name = "Pods-ParstagramTests.release.xcconfig"; path = "Pods/Target Support Files/Pods-ParstagramTests/Pods-ParstagramTests.release.xcconfig"; sourceTree = "<group>"; };
		41A8E434F0555B52434631E0 /* Pods-ParstagramUITests.debug.xcconfig */ = {isa = PBXFileReference; includeInIndex = 1; lastKnownFileType = text.xcconfig; name = "Pods-ParstagramUITests.debug.xcconfig"; path = "Pods/Target Support Files/Pods-ParstagramUITests/Pods-ParstagramUITests.debug.xcconfig"; sourceTree = "<group>"; };
		6ACD57AE223D86820057716D /* Parstagram.app */ = {isa = PBXFileReference; explicitFileType = wrapper.application; includeInIndex = 0; path = Parstagram.app; sourceTree = BUILT_PRODUCTS_DIR; };
		6ACD57B1223D86820057716D /* AppDelegate.swift */ = {isa = PBXFileReference; lastKnownFileType = sourcecode.swift; path = AppDelegate.swift; sourceTree = "<group>"; };
		6ACD57B6223D86820057716D /* Base */ = {isa = PBXFileReference; lastKnownFileType = file.storyboard; name = Base; path = Base.lproj/Main.storyboard; sourceTree = "<group>"; };
		6ACD57B8223D86840057716D /* Assets.xcassets */ = {isa = PBXFileReference; lastKnownFileType = folder.assetcatalog; path = Assets.xcassets; sourceTree = "<group>"; };
		6ACD57BB223D86840057716D /* Base */ = {isa = PBXFileReference; lastKnownFileType = file.storyboard; name = Base; path = Base.lproj/LaunchScreen.storyboard; sourceTree = "<group>"; };
		6ACD57BD223D86840057716D /* Info.plist */ = {isa = PBXFileReference; lastKnownFileType = text.plist.xml; path = Info.plist; sourceTree = "<group>"; };
		6ACD57C2223D86840057716D /* ParstagramTests.xctest */ = {isa = PBXFileReference; explicitFileType = wrapper.cfbundle; includeInIndex = 0; path = ParstagramTests.xctest; sourceTree = BUILT_PRODUCTS_DIR; };
		6ACD57C6223D86840057716D /* ParstagramTests.swift */ = {isa = PBXFileReference; lastKnownFileType = sourcecode.swift; path = ParstagramTests.swift; sourceTree = "<group>"; };
		6ACD57C8223D86840057716D /* Info.plist */ = {isa = PBXFileReference; lastKnownFileType = text.plist.xml; path = Info.plist; sourceTree = "<group>"; };
		6ACD57CD223D86840057716D /* ParstagramUITests.xctest */ = {isa = PBXFileReference; explicitFileType = wrapper.cfbundle; includeInIndex = 0; path = ParstagramUITests.xctest; sourceTree = BUILT_PRODUCTS_DIR; };
		6ACD57D1223D86840057716D /* ParstagramUITests.swift */ = {isa = PBXFileReference; lastKnownFileType = sourcecode.swift; path = ParstagramUITests.swift; sourceTree = "<group>"; };
		6ACD57D3223D86840057716D /* Info.plist */ = {isa = PBXFileReference; lastKnownFileType = text.plist.xml; path = Info.plist; sourceTree = "<group>"; };
		6ACD57DF223D91EE0057716D /* LoginViewController.swift */ = {isa = PBXFileReference; lastKnownFileType = sourcecode.swift; path = LoginViewController.swift; sourceTree = "<group>"; };
		6ACD57E1223D92060057716D /* FeedViewController.swift */ = {isa = PBXFileReference; lastKnownFileType = sourcecode.swift; path = FeedViewController.swift; sourceTree = "<group>"; };
		6ACD57E3223DAB210057716D /* CameraViewController.swift */ = {isa = PBXFileReference; lastKnownFileType = sourcecode.swift; path = CameraViewController.swift; sourceTree = "<group>"; };
		6ACD57E5223DCE640057716D /* PostCell.swift */ = {isa = PBXFileReference; lastKnownFileType = sourcecode.swift; path = PostCell.swift; sourceTree = "<group>"; };
		7699FC8562C5DF81EAFBFAED /* Pods-Parstagram.release.xcconfig */ = {isa = PBXFileReference; includeInIndex = 1; lastKnownFileType = text.xcconfig; name = "Pods-Parstagram.release.xcconfig"; path = "Pods/Target Support Files/Pods-Parstagram/Pods-Parstagram.release.xcconfig"; sourceTree = "<group>"; };
		9230E254AA5D764BF86FFF32 /* Pods_ParstagramUITests.framework */ = {isa = PBXFileReference; explicitFileType = wrapper.framework; includeInIndex = 0; path = Pods_ParstagramUITests.framework; sourceTree = BUILT_PRODUCTS_DIR; };
		AA46269C01462A3ACBD1C39C /* Pods_Parstagram.framework */ = {isa = PBXFileReference; explicitFileType = wrapper.framework; includeInIndex = 0; path = Pods_Parstagram.framework; sourceTree = BUILT_PRODUCTS_DIR; };
		B43930B2F214666F7FEA111E /* Pods_ParstagramTests.framework */ = {isa = PBXFileReference; explicitFileType = wrapper.framework; includeInIndex = 0; path = Pods_ParstagramTests.framework; sourceTree = BUILT_PRODUCTS_DIR; };
		DE37CDA1816F4C31358E0982 /* Pods-Parstagram.debug.xcconfig */ = {isa = PBXFileReference; includeInIndex = 1; lastKnownFileType = text.xcconfig; name = "Pods-Parstagram.debug.xcconfig"; path = "Pods/Target Support Files/Pods-Parstagram/Pods-Parstagram.debug.xcconfig"; sourceTree = "<group>"; };
/* End PBXFileReference section */

/* Begin PBXFrameworksBuildPhase section */
		6ACD57AB223D86820057716D /* Frameworks */ = {
			isa = PBXFrameworksBuildPhase;
			buildActionMask = 2147483647;
			files = (
				71978FAFBE2BA83B96E7DB8E /* Pods_Parstagram.framework in Frameworks */,
			);
			runOnlyForDeploymentPostprocessing = 0;
		};
		6ACD57BF223D86840057716D /* Frameworks */ = {
			isa = PBXFrameworksBuildPhase;
			buildActionMask = 2147483647;
			files = (
				F95513709F7720AB3180C7C0 /* Pods_ParstagramTests.framework in Frameworks */,
			);
			runOnlyForDeploymentPostprocessing = 0;
		};
		6ACD57CA223D86840057716D /* Frameworks */ = {
			isa = PBXFrameworksBuildPhase;
			buildActionMask = 2147483647;
			files = (
				26AFB0291AC1D22833085A81 /* Pods_ParstagramUITests.framework in Frameworks */,
			);
			runOnlyForDeploymentPostprocessing = 0;
		};
/* End PBXFrameworksBuildPhase section */

/* Begin PBXGroup section */
		6A02BFBC84506857614B3E74 /* Frameworks */ = {
			isa = PBXGroup;
			children = (
				AA46269C01462A3ACBD1C39C /* Pods_Parstagram.framework */,
				B43930B2F214666F7FEA111E /* Pods_ParstagramTests.framework */,
				9230E254AA5D764BF86FFF32 /* Pods_ParstagramUITests.framework */,
			);
			name = Frameworks;
			sourceTree = "<group>";
		};
		6ACD57A5223D86820057716D = {
			isa = PBXGroup;
			children = (
				6ACD57B0223D86820057716D /* Parstagram */,
				6ACD57C5223D86840057716D /* ParstagramTests */,
				6ACD57D0223D86840057716D /* ParstagramUITests */,
				6ACD57AF223D86820057716D /* Products */,
				D0C9027617DFE9481EFBB436 /* Pods */,
				6A02BFBC84506857614B3E74 /* Frameworks */,
			);
			sourceTree = "<group>";
		};
		6ACD57AF223D86820057716D /* Products */ = {
			isa = PBXGroup;
			children = (
				6ACD57AE223D86820057716D /* Parstagram.app */,
				6ACD57C2223D86840057716D /* ParstagramTests.xctest */,
				6ACD57CD223D86840057716D /* ParstagramUITests.xctest */,
			);
			name = Products;
			sourceTree = "<group>";
		};
		6ACD57B0223D86820057716D /* Parstagram */ = {
			isa = PBXGroup;
			children = (
				6ACD57B1223D86820057716D /* AppDelegate.swift */,
				6ACD57B5223D86820057716D /* Main.storyboard */,
				6ACD57E5223DCE640057716D /* PostCell.swift */,
				6ACD57B8223D86840057716D /* Assets.xcassets */,
				6ACD57BA223D86840057716D /* LaunchScreen.storyboard */,
				6ACD57BD223D86840057716D /* Info.plist */,
				6ACD57DF223D91EE0057716D /* LoginViewController.swift */,
				6ACD57E1223D92060057716D /* FeedViewController.swift */,
				6ACD57E3223DAB210057716D /* CameraViewController.swift */,
			);
			path = Parstagram;
			sourceTree = "<group>";
		};
		6ACD57C5223D86840057716D /* ParstagramTests */ = {
			isa = PBXGroup;
			children = (
				6ACD57C6223D86840057716D /* ParstagramTests.swift */,
				6ACD57C8223D86840057716D /* Info.plist */,
			);
			path = ParstagramTests;
			sourceTree = "<group>";
		};
		6ACD57D0223D86840057716D /* ParstagramUITests */ = {
			isa = PBXGroup;
			children = (
				6ACD57D1223D86840057716D /* ParstagramUITests.swift */,
				6ACD57D3223D86840057716D /* Info.plist */,
			);
			path = ParstagramUITests;
			sourceTree = "<group>";
		};
		D0C9027617DFE9481EFBB436 /* Pods */ = {
			isa = PBXGroup;
			children = (
				DE37CDA1816F4C31358E0982 /* Pods-Parstagram.debug.xcconfig */,
				7699FC8562C5DF81EAFBFAED /* Pods-Parstagram.release.xcconfig */,
				1613B318026C3DC867D5C095 /* Pods-ParstagramTests.debug.xcconfig */,
				27284A00DBCE38A100B6B48D /* Pods-ParstagramTests.release.xcconfig */,
				41A8E434F0555B52434631E0 /* Pods-ParstagramUITests.debug.xcconfig */,
				150424E1215F1D6CC2F17F9A /* Pods-ParstagramUITests.release.xcconfig */,
			);
			name = Pods;
			sourceTree = "<group>";
		};
/* End PBXGroup section */

/* Begin PBXNativeTarget section */
		6ACD57AD223D86820057716D /* Parstagram */ = {
			isa = PBXNativeTarget;
			buildConfigurationList = 6ACD57D6223D86840057716D /* Build configuration list for PBXNativeTarget "Parstagram" */;
			buildPhases = (
				8B6212F3BC514AAAD3E0165A /* [CP] Check Pods Manifest.lock */,
				6ACD57AA223D86820057716D /* Sources */,
				6ACD57AB223D86820057716D /* Frameworks */,
				6ACD57AC223D86820057716D /* Resources */,
				90949D2444BB4A02C8291D4D /* [CP] Embed Pods Frameworks */,
			);
			buildRules = (
			);
			dependencies = (
			);
			name = Parstagram;
			productName = Parstagram;
			productReference = 6ACD57AE223D86820057716D /* Parstagram.app */;
			productType = "com.apple.product-type.application";
		};
		6ACD57C1223D86840057716D /* ParstagramTests */ = {
			isa = PBXNativeTarget;
			buildConfigurationList = 6ACD57D9223D86840057716D /* Build configuration list for PBXNativeTarget "ParstagramTests" */;
			buildPhases = (
				82D100F83C004F71C3FA9B6D /* [CP] Check Pods Manifest.lock */,
				6ACD57BE223D86840057716D /* Sources */,
				6ACD57BF223D86840057716D /* Frameworks */,
				6ACD57C0223D86840057716D /* Resources */,
			);
			buildRules = (
			);
			dependencies = (
				6ACD57C4223D86840057716D /* PBXTargetDependency */,
			);
			name = ParstagramTests;
			productName = ParstagramTests;
			productReference = 6ACD57C2223D86840057716D /* ParstagramTests.xctest */;
			productType = "com.apple.product-type.bundle.unit-test";
		};
		6ACD57CC223D86840057716D /* ParstagramUITests */ = {
			isa = PBXNativeTarget;
			buildConfigurationList = 6ACD57DC223D86840057716D /* Build configuration list for PBXNativeTarget "ParstagramUITests" */;
			buildPhases = (
				4E15647C3134B5C8CB574E67 /* [CP] Check Pods Manifest.lock */,
				6ACD57C9223D86840057716D /* Sources */,
				6ACD57CA223D86840057716D /* Frameworks */,
				6ACD57CB223D86840057716D /* Resources */,
			);
			buildRules = (
			);
			dependencies = (
				6ACD57CF223D86840057716D /* PBXTargetDependency */,
			);
			name = ParstagramUITests;
			productName = ParstagramUITests;
			productReference = 6ACD57CD223D86840057716D /* ParstagramUITests.xctest */;
			productType = "com.apple.product-type.bundle.ui-testing";
		};
/* End PBXNativeTarget section */

/* Begin PBXProject section */
		6ACD57A6223D86820057716D /* Project object */ = {
			isa = PBXProject;
			attributes = {
				LastSwiftUpdateCheck = 1010;
				LastUpgradeCheck = 1010;
				ORGANIZATIONNAME = "Ayesha Khan";
				TargetAttributes = {
					6ACD57AD223D86820057716D = {
						CreatedOnToolsVersion = 10.1;
					};
					6ACD57C1223D86840057716D = {
						CreatedOnToolsVersion = 10.1;
						TestTargetID = 6ACD57AD223D86820057716D;
					};
					6ACD57CC223D86840057716D = {
						CreatedOnToolsVersion = 10.1;
						TestTargetID = 6ACD57AD223D86820057716D;
					};
				};
			};
			buildConfigurationList = 6ACD57A9223D86820057716D /* Build configuration list for PBXProject "Parstagram" */;
			compatibilityVersion = "Xcode 9.3";
			developmentRegion = en;
			hasScannedForEncodings = 0;
			knownRegions = (
				en,
				Base,
			);
			mainGroup = 6ACD57A5223D86820057716D;
			productRefGroup = 6ACD57AF223D86820057716D /* Products */;
			projectDirPath = "";
			projectRoot = "";
			targets = (
				6ACD57AD223D86820057716D /* Parstagram */,
				6ACD57C1223D86840057716D /* ParstagramTests */,
				6ACD57CC223D86840057716D /* ParstagramUITests */,
			);
		};
/* End PBXProject section */

/* Begin PBXResourcesBuildPhase section */
		6ACD57AC223D86820057716D /* Resources */ = {
			isa = PBXResourcesBuildPhase;
			buildActionMask = 2147483647;
			files = (
				6ACD57BC223D86840057716D /* LaunchScreen.storyboard in Resources */,
				6ACD57B9223D86840057716D /* Assets.xcassets in Resources */,
				6ACD57B7223D86820057716D /* Main.storyboard in Resources */,
			);
			runOnlyForDeploymentPostprocessing = 0;
		};
		6ACD57C0223D86840057716D /* Resources */ = {
			isa = PBXResourcesBuildPhase;
			buildActionMask = 2147483647;
			files = (
			);
			runOnlyForDeploymentPostprocessing = 0;
		};
		6ACD57CB223D86840057716D /* Resources */ = {
			isa = PBXResourcesBuildPhase;
			buildActionMask = 2147483647;
			files = (
			);
			runOnlyForDeploymentPostprocessing = 0;
		};
/* End PBXResourcesBuildPhase section */

/* Begin PBXShellScriptBuildPhase section */
		4E15647C3134B5C8CB574E67 /* [CP] Check Pods Manifest.lock */ = {
			isa = PBXShellScriptBuildPhase;
			buildActionMask = 2147483647;
			files = (
			);
			inputPaths = (
				"${PODS_PODFILE_DIR_PATH}/Podfile.lock",
				"${PODS_ROOT}/Manifest.lock",
			);
			name = "[CP] Check Pods Manifest.lock";
			outputPaths = (
				"$(DERIVED_FILE_DIR)/Pods-ParstagramUITests-checkManifestLockResult.txt",
			);
			runOnlyForDeploymentPostprocessing = 0;
			shellPath = /bin/sh;
			shellScript = "diff \"${PODS_PODFILE_DIR_PATH}/Podfile.lock\" \"${PODS_ROOT}/Manifest.lock\" > /dev/null\nif [ $? != 0 ] ; then\n    # print error to STDERR\n    echo \"error: The sandbox is not in sync with the Podfile.lock. Run 'pod install' or update your CocoaPods installation.\" >&2\n    exit 1\nfi\n# This output is used by Xcode 'outputs' to avoid re-running this script phase.\necho \"SUCCESS\" > \"${SCRIPT_OUTPUT_FILE_0}\"\n";
			showEnvVarsInLog = 0;
		};
		82D100F83C004F71C3FA9B6D /* [CP] Check Pods Manifest.lock */ = {
			isa = PBXShellScriptBuildPhase;
			buildActionMask = 2147483647;
			files = (
			);
			inputPaths = (
				"${PODS_PODFILE_DIR_PATH}/Podfile.lock",
				"${PODS_ROOT}/Manifest.lock",
			);
			name = "[CP] Check Pods Manifest.lock";
			outputPaths = (
				"$(DERIVED_FILE_DIR)/Pods-ParstagramTests-checkManifestLockResult.txt",
			);
			runOnlyForDeploymentPostprocessing = 0;
			shellPath = /bin/sh;
			shellScript = "diff \"${PODS_PODFILE_DIR_PATH}/Podfile.lock\" \"${PODS_ROOT}/Manifest.lock\" > /dev/null\nif [ $? != 0 ] ; then\n    # print error to STDERR\n    echo \"error: The sandbox is not in sync with the Podfile.lock. Run 'pod install' or update your CocoaPods installation.\" >&2\n    exit 1\nfi\n# This output is used by Xcode 'outputs' to avoid re-running this script phase.\necho \"SUCCESS\" > \"${SCRIPT_OUTPUT_FILE_0}\"\n";
			showEnvVarsInLog = 0;
		};
		8B6212F3BC514AAAD3E0165A /* [CP] Check Pods Manifest.lock */ = {
			isa = PBXShellScriptBuildPhase;
			buildActionMask = 2147483647;
			files = (
			);
			inputPaths = (
				"${PODS_PODFILE_DIR_PATH}/Podfile.lock",
				"${PODS_ROOT}/Manifest.lock",
			);
			name = "[CP] Check Pods Manifest.lock";
			outputPaths = (
				"$(DERIVED_FILE_DIR)/Pods-Parstagram-checkManifestLockResult.txt",
			);
			runOnlyForDeploymentPostprocessing = 0;
			shellPath = /bin/sh;
			shellScript = "diff \"${PODS_PODFILE_DIR_PATH}/Podfile.lock\" \"${PODS_ROOT}/Manifest.lock\" > /dev/null\nif [ $? != 0 ] ; then\n    # print error to STDERR\n    echo \"error: The sandbox is not in sync with the Podfile.lock. Run 'pod install' or update your CocoaPods installation.\" >&2\n    exit 1\nfi\n# This output is used by Xcode 'outputs' to avoid re-running this script phase.\necho \"SUCCESS\" > \"${SCRIPT_OUTPUT_FILE_0}\"\n";
			showEnvVarsInLog = 0;
		};
		90949D2444BB4A02C8291D4D /* [CP] Embed Pods Frameworks */ = {
			isa = PBXShellScriptBuildPhase;
			buildActionMask = 2147483647;
			files = (
			);
			inputPaths = (
				"${SRCROOT}/Pods/Target Support Files/Pods-Parstagram/Pods-Parstagram-frameworks.sh",
				"${BUILT_PRODUCTS_DIR}/Alamofire/Alamofire.framework",
				"${BUILT_PRODUCTS_DIR}/AlamofireImage/AlamofireImage.framework",
				"${BUILT_PRODUCTS_DIR}/Bolts/Bolts.framework",
				"${BUILT_PRODUCTS_DIR}/Parse/Parse.framework",
			);
			name = "[CP] Embed Pods Frameworks";
			outputPaths = (
				"${TARGET_BUILD_DIR}/${FRAMEWORKS_FOLDER_PATH}/Alamofire.framework",
				"${TARGET_BUILD_DIR}/${FRAMEWORKS_FOLDER_PATH}/AlamofireImage.framework",
				"${TARGET_BUILD_DIR}/${FRAMEWORKS_FOLDER_PATH}/Bolts.framework",
				"${TARGET_BUILD_DIR}/${FRAMEWORKS_FOLDER_PATH}/Parse.framework",
			);
			runOnlyForDeploymentPostprocessing = 0;
			shellPath = /bin/sh;
			shellScript = "\"${SRCROOT}/Pods/Target Support Files/Pods-Parstagram/Pods-Parstagram-frameworks.sh\"\n";
			showEnvVarsInLog = 0;
		};
/* End PBXShellScriptBuildPhase section */

/* Begin PBXSourcesBuildPhase section */
		6ACD57AA223D86820057716D /* Sources */ = {
			isa = PBXSourcesBuildPhase;
			buildActionMask = 2147483647;
			files = (
				6ACD57E0223D91EE0057716D /* LoginViewController.swift in Sources */,
				6ACD57E4223DAB210057716D /* CameraViewController.swift in Sources */,
				6ACD57E2223D92060057716D /* FeedViewController.swift in Sources */,
				6ACD57B2223D86820057716D /* AppDelegate.swift in Sources */,
				6ACD57E6223DCE640057716D /* PostCell.swift in Sources */,
			);
			runOnlyForDeploymentPostprocessing = 0;
		};
		6ACD57BE223D86840057716D /* Sources */ = {
			isa = PBXSourcesBuildPhase;
			buildActionMask = 2147483647;
			files = (
				6ACD57C7223D86840057716D /* ParstagramTests.swift in Sources */,
			);
			runOnlyForDeploymentPostprocessing = 0;
		};
		6ACD57C9223D86840057716D /* Sources */ = {
			isa = PBXSourcesBuildPhase;
			buildActionMask = 2147483647;
			files = (
				6ACD57D2223D86840057716D /* ParstagramUITests.swift in Sources */,
			);
			runOnlyForDeploymentPostprocessing = 0;
		};
/* End PBXSourcesBuildPhase section */

/* Begin PBXTargetDependency section */
		6ACD57C4223D86840057716D /* PBXTargetDependency */ = {
			isa = PBXTargetDependency;
			target = 6ACD57AD223D86820057716D /* Parstagram */;
			targetProxy = 6ACD57C3223D86840057716D /* PBXContainerItemProxy */;
		};
		6ACD57CF223D86840057716D /* PBXTargetDependency */ = {
			isa = PBXTargetDependency;
			target = 6ACD57AD223D86820057716D /* Parstagram */;
			targetProxy = 6ACD57CE223D86840057716D /* PBXContainerItemProxy */;
		};
/* End PBXTargetDependency section */

/* Begin PBXVariantGroup section */
		6ACD57B5223D86820057716D /* Main.storyboard */ = {
			isa = PBXVariantGroup;
			children = (
				6ACD57B6223D86820057716D /* Base */,
			);
			name = Main.storyboard;
			sourceTree = "<group>";
		};
		6ACD57BA223D86840057716D /* LaunchScreen.storyboard */ = {
			isa = PBXVariantGroup;
			children = (
				6ACD57BB223D86840057716D /* Base */,
			);
			name = LaunchScreen.storyboard;
			sourceTree = "<group>";
		};
/* End PBXVariantGroup section */

/* Begin XCBuildConfiguration section */
		6ACD57D4223D86840057716D /* Debug */ = {
			isa = XCBuildConfiguration;
			buildSettings = {
				ALWAYS_SEARCH_USER_PATHS = NO;
				CLANG_ANALYZER_NONNULL = YES;
				CLANG_ANALYZER_NUMBER_OBJECT_CONVERSION = YES_AGGRESSIVE;
				CLANG_CXX_LANGUAGE_STANDARD = "gnu++14";
				CLANG_CXX_LIBRARY = "libc++";
				CLANG_ENABLE_MODULES = YES;
				CLANG_ENABLE_OBJC_ARC = YES;
				CLANG_ENABLE_OBJC_WEAK = YES;
				CLANG_WARN_BLOCK_CAPTURE_AUTORELEASING = YES;
				CLANG_WARN_BOOL_CONVERSION = YES;
				CLANG_WARN_COMMA = YES;
				CLANG_WARN_CONSTANT_CONVERSION = YES;
				CLANG_WARN_DEPRECATED_OBJC_IMPLEMENTATIONS = YES;
				CLANG_WARN_DIRECT_OBJC_ISA_USAGE = YES_ERROR;
				CLANG_WARN_DOCUMENTATION_COMMENTS = YES;
				CLANG_WARN_EMPTY_BODY = YES;
				CLANG_WARN_ENUM_CONVERSION = YES;
				CLANG_WARN_INFINITE_RECURSION = YES;
				CLANG_WARN_INT_CONVERSION = YES;
				CLANG_WARN_NON_LITERAL_NULL_CONVERSION = YES;
				CLANG_WARN_OBJC_IMPLICIT_RETAIN_SELF = YES;
				CLANG_WARN_OBJC_LITERAL_CONVERSION = YES;
				CLANG_WARN_OBJC_ROOT_CLASS = YES_ERROR;
				CLANG_WARN_RANGE_LOOP_ANALYSIS = YES;
				CLANG_WARN_STRICT_PROTOTYPES = YES;
				CLANG_WARN_SUSPICIOUS_MOVE = YES;
				CLANG_WARN_UNGUARDED_AVAILABILITY = YES_AGGRESSIVE;
				CLANG_WARN_UNREACHABLE_CODE = YES;
				CLANG_WARN__DUPLICATE_METHOD_MATCH = YES;
				CODE_SIGN_IDENTITY = "iPhone Developer";
				COPY_PHASE_STRIP = NO;
				DEBUG_INFORMATION_FORMAT = dwarf;
				ENABLE_STRICT_OBJC_MSGSEND = YES;
				ENABLE_TESTABILITY = YES;
				GCC_C_LANGUAGE_STANDARD = gnu11;
				GCC_DYNAMIC_NO_PIC = NO;
				GCC_NO_COMMON_BLOCKS = YES;
				GCC_OPTIMIZATION_LEVEL = 0;
				GCC_PREPROCESSOR_DEFINITIONS = (
					"DEBUG=1",
					"$(inherited)",
				);
				GCC_WARN_64_TO_32_BIT_CONVERSION = YES;
				GCC_WARN_ABOUT_RETURN_TYPE = YES_ERROR;
				GCC_WARN_UNDECLARED_SELECTOR = YES;
				GCC_WARN_UNINITIALIZED_AUTOS = YES_AGGRESSIVE;
				GCC_WARN_UNUSED_FUNCTION = YES;
				GCC_WARN_UNUSED_VARIABLE = YES;
				IPHONEOS_DEPLOYMENT_TARGET = 12.1;
				MTL_ENABLE_DEBUG_INFO = INCLUDE_SOURCE;
				MTL_FAST_MATH = YES;
				ONLY_ACTIVE_ARCH = YES;
				SDKROOT = iphoneos;
				SWIFT_ACTIVE_COMPILATION_CONDITIONS = DEBUG;
				SWIFT_OPTIMIZATION_LEVEL = "-Onone";
			};
			name = Debug;
		};
		6ACD57D5223D86840057716D /* Release */ = {
			isa = XCBuildConfiguration;
			buildSettings = {
				ALWAYS_SEARCH_USER_PATHS = NO;
				CLANG_ANALYZER_NONNULL = YES;
				CLANG_ANALYZER_NUMBER_OBJECT_CONVERSION = YES_AGGRESSIVE;
				CLANG_CXX_LANGUAGE_STANDARD = "gnu++14";
				CLANG_CXX_LIBRARY = "libc++";
				CLANG_ENABLE_MODULES = YES;
				CLANG_ENABLE_OBJC_ARC = YES;
				CLANG_ENABLE_OBJC_WEAK = YES;
				CLANG_WARN_BLOCK_CAPTURE_AUTORELEASING = YES;
				CLANG_WARN_BOOL_CONVERSION = YES;
				CLANG_WARN_COMMA = YES;
				CLANG_WARN_CONSTANT_CONVERSION = YES;
				CLANG_WARN_DEPRECATED_OBJC_IMPLEMENTATIONS = YES;
				CLANG_WARN_DIRECT_OBJC_ISA_USAGE = YES_ERROR;
				CLANG_WARN_DOCUMENTATION_COMMENTS = YES;
				CLANG_WARN_EMPTY_BODY = YES;
				CLANG_WARN_ENUM_CONVERSION = YES;
				CLANG_WARN_INFINITE_RECURSION = YES;
				CLANG_WARN_INT_CONVERSION = YES;
				CLANG_WARN_NON_LITERAL_NULL_CONVERSION = YES;
				CLANG_WARN_OBJC_IMPLICIT_RETAIN_SELF = YES;
				CLANG_WARN_OBJC_LITERAL_CONVERSION = YES;
				CLANG_WARN_OBJC_ROOT_CLASS = YES_ERROR;
				CLANG_WARN_RANGE_LOOP_ANALYSIS = YES;
				CLANG_WARN_STRICT_PROTOTYPES = YES;
				CLANG_WARN_SUSPICIOUS_MOVE = YES;
				CLANG_WARN_UNGUARDED_AVAILABILITY = YES_AGGRESSIVE;
				CLANG_WARN_UNREACHABLE_CODE = YES;
				CLANG_WARN__DUPLICATE_METHOD_MATCH = YES;
				CODE_SIGN_IDENTITY = "iPhone Developer";
				COPY_PHASE_STRIP = NO;
				DEBUG_INFORMATION_FORMAT = "dwarf-with-dsym";
				ENABLE_NS_ASSERTIONS = NO;
				ENABLE_STRICT_OBJC_MSGSEND = YES;
				GCC_C_LANGUAGE_STANDARD = gnu11;
				GCC_NO_COMMON_BLOCKS = YES;
				GCC_WARN_64_TO_32_BIT_CONVERSION = YES;
				GCC_WARN_ABOUT_RETURN_TYPE = YES_ERROR;
				GCC_WARN_UNDECLARED_SELECTOR = YES;
				GCC_WARN_UNINITIALIZED_AUTOS = YES_AGGRESSIVE;
				GCC_WARN_UNUSED_FUNCTION = YES;
				GCC_WARN_UNUSED_VARIABLE = YES;
				IPHONEOS_DEPLOYMENT_TARGET = 12.1;
				MTL_ENABLE_DEBUG_INFO = NO;
				MTL_FAST_MATH = YES;
				SDKROOT = iphoneos;
				SWIFT_COMPILATION_MODE = wholemodule;
				SWIFT_OPTIMIZATION_LEVEL = "-O";
				VALIDATE_PRODUCT = YES;
			};
			name = Release;
		};
		6ACD57D7223D86840057716D /* Debug */ = {
			isa = XCBuildConfiguration;
			baseConfigurationReference = DE37CDA1816F4C31358E0982 /* Pods-Parstagram.debug.xcconfig */;
			buildSettings = {
				ASSETCATALOG_COMPILER_APPICON_NAME = AppIcon;
				CODE_SIGN_STYLE = Automatic;
				DEVELOPMENT_TEAM = 65QL794L6H;
				INFOPLIST_FILE = Parstagram/Info.plist;
				LD_RUNPATH_SEARCH_PATHS = (
					"$(inherited)",
					"@executable_path/Frameworks",
				);
				PRODUCT_BUNDLE_IDENTIFIER = com.ayeshakhan.Parstagram;
				PRODUCT_NAME = "$(TARGET_NAME)";
				SWIFT_VERSION = 4.2;
				TARGETED_DEVICE_FAMILY = "1,2";
			};
			name = Debug;
		};
		6ACD57D8223D86840057716D /* Release */ = {
			isa = XCBuildConfiguration;
			baseConfigurationReference = 7699FC8562C5DF81EAFBFAED /* Pods-Parstagram.release.xcconfig */;
			buildSettings = {
				ASSETCATALOG_COMPILER_APPICON_NAME = AppIcon;
				CODE_SIGN_STYLE = Automatic;
				DEVELOPMENT_TEAM = 65QL794L6H;
				INFOPLIST_FILE = Parstagram/Info.plist;
				LD_RUNPATH_SEARCH_PATHS = (
					"$(inherited)",
					"@executable_path/Frameworks",
				);
				PRODUCT_BUNDLE_IDENTIFIER = com.ayeshakhan.Parstagram;
				PRODUCT_NAME = "$(TARGET_NAME)";
				SWIFT_VERSION = 4.2;
				TARGETED_DEVICE_FAMILY = "1,2";
			};
			name = Release;
		};
		6ACD57DA223D86840057716D /* Debug */ = {
			isa = XCBuildConfiguration;
			baseConfigurationReference = 1613B318026C3DC867D5C095 /* Pods-ParstagramTests.debug.xcconfig */;
			buildSettings = {
				ALWAYS_EMBED_SWIFT_STANDARD_LIBRARIES = YES;
				BUNDLE_LOADER = "$(TEST_HOST)";
				CODE_SIGN_STYLE = Automatic;
				DEVELOPMENT_TEAM = 65QL794L6H;
				INFOPLIST_FILE = ParstagramTests/Info.plist;
				LD_RUNPATH_SEARCH_PATHS = (
					"$(inherited)",
					"@executable_path/Frameworks",
					"@loader_path/Frameworks",
				);
				PRODUCT_BUNDLE_IDENTIFIER = com.ayeshakhan.ParstagramTests;
				PRODUCT_NAME = "$(TARGET_NAME)";
				SWIFT_VERSION = 4.2;
				TARGETED_DEVICE_FAMILY = "1,2";
				TEST_HOST = "$(BUILT_PRODUCTS_DIR)/Parstagram.app/Parstagram";
			};
			name = Debug;
		};
		6ACD57DB223D86840057716D /* Release */ = {
			isa = XCBuildConfiguration;
			baseConfigurationReference = 27284A00DBCE38A100B6B48D /* Pods-ParstagramTests.release.xcconfig */;
			buildSettings = {
				ALWAYS_EMBED_SWIFT_STANDARD_LIBRARIES = YES;
				BUNDLE_LOADER = "$(TEST_HOST)";
				CODE_SIGN_STYLE = Automatic;
				DEVELOPMENT_TEAM = 65QL794L6H;
				INFOPLIST_FILE = ParstagramTests/Info.plist;
				LD_RUNPATH_SEARCH_PATHS = (
					"$(inherited)",
					"@executable_path/Frameworks",
					"@loader_path/Frameworks",
				);
				PRODUCT_BUNDLE_IDENTIFIER = com.ayeshakhan.ParstagramTests;
				PRODUCT_NAME = "$(TARGET_NAME)";
				SWIFT_VERSION = 4.2;
				TARGETED_DEVICE_FAMILY = "1,2";
				TEST_HOST = "$(BUILT_PRODUCTS_DIR)/Parstagram.app/Parstagram";
			};
			name = Release;
		};
		6ACD57DD223D86840057716D /* Debug */ = {
			isa = XCBuildConfiguration;
			baseConfigurationReference = 41A8E434F0555B52434631E0 /* Pods-ParstagramUITests.debug.xcconfig */;
			buildSettings = {
				ALWAYS_EMBED_SWIFT_STANDARD_LIBRARIES = YES;
				CODE_SIGN_STYLE = Automatic;
				DEVELOPMENT_TEAM = 65QL794L6H;
				INFOPLIST_FILE = ParstagramUITests/Info.plist;
				LD_RUNPATH_SEARCH_PATHS = (
					"$(inherited)",
					"@executable_path/Frameworks",
					"@loader_path/Frameworks",
				);
				PRODUCT_BUNDLE_IDENTIFIER = com.ayeshakhan.ParstagramUITests;
				PRODUCT_NAME = "$(TARGET_NAME)";
				SWIFT_VERSION = 4.2;
				TARGETED_DEVICE_FAMILY = "1,2";
				TEST_TARGET_NAME = Parstagram;
			};
			name = Debug;
		};
		6ACD57DE223D86840057716D /* Release */ = {
			isa = XCBuildConfiguration;
			baseConfigurationReference = 150424E1215F1D6CC2F17F9A /* Pods-ParstagramUITests.release.xcconfig */;
			buildSettings = {
				ALWAYS_EMBED_SWIFT_STANDARD_LIBRARIES = YES;
				CODE_SIGN_STYLE = Automatic;
				DEVELOPMENT_TEAM = 65QL794L6H;
				INFOPLIST_FILE = ParstagramUITests/Info.plist;
				LD_RUNPATH_SEARCH_PATHS = (
					"$(inherited)",
					"@executable_path/Frameworks",
					"@loader_path/Frameworks",
				);
				PRODUCT_BUNDLE_IDENTIFIER = com.ayeshakhan.ParstagramUITests;
				PRODUCT_NAME = "$(TARGET_NAME)";
				SWIFT_VERSION = 4.2;
				TARGETED_DEVICE_FAMILY = "1,2";
				TEST_TARGET_NAME = Parstagram;
			};
			name = Release;
		};
/* End XCBuildConfiguration section */

/* Begin XCConfigurationList section */
		6ACD57A9223D86820057716D /* Build configuration list for PBXProject "Parstagram" */ = {
			isa = XCConfigurationList;
			buildConfigurations = (
				6ACD57D4223D86840057716D /* Debug */,
				6ACD57D5223D86840057716D /* Release */,
			);
			defaultConfigurationIsVisible = 0;
			defaultConfigurationName = Release;
		};
		6ACD57D6223D86840057716D /* Build configuration list for PBXNativeTarget "Parstagram" */ = {
			isa = XCConfigurationList;
			buildConfigurations = (
				6ACD57D7223D86840057716D /* Debug */,
				6ACD57D8223D86840057716D /* Release */,
			);
			defaultConfigurationIsVisible = 0;
			defaultConfigurationName = Release;
		};
		6ACD57D9223D86840057716D /* Build configuration list for PBXNativeTarget "ParstagramTests" */ = {
			isa = XCConfigurationList;
			buildConfigurations = (
				6ACD57DA223D86840057716D /* Debug */,
				6ACD57DB223D86840057716D /* Release */,
			);
			defaultConfigurationIsVisible = 0;
			defaultConfigurationName = Release;
		};
		6ACD57DC223D86840057716D /* Build configuration list for PBXNativeTarget "ParstagramUITests" */ = {
			isa = XCConfigurationList;
			buildConfigurations = (
				6ACD57DD223D86840057716D /* Debug */,
				6ACD57DE223D86840057716D /* Release */,
			);
			defaultConfigurationIsVisible = 0;
			defaultConfigurationName = Release;
		};
/* End XCConfigurationList section */
	};
	rootObject = 6ACD57A6223D86820057716D /* Project object */;
}
